
Microsoft Visual Studio Solution File, Format Version 12.00
# Visual Studio Version 17
VisualStudioVersion = 17.9.34723.18
MinimumVisualStudioVersion = 10.0.40219.1
Project("{9A19103F-16F7-4668-BE54-9A1E7A4F7556}") = "LgbtqResources", "LgbtqResources.csproj", "{92E8EBC5-F2A3-4698-9D53-F64D4EFFB756}"
EndProject
Global
	GlobalSection(SolutionConfigurationPlatforms) = preSolution
		Debug|Any CPU = Debug|Any CPU
		Release|Any CPU = Release|Any CPU
	EndGlobalSection
	GlobalSection(ProjectConfigurationPlatforms) = postSolution
		{92E8EBC5-F2A3-4698-9D53-F64D4EFFB756}.Debug|Any CPU.ActiveCfg = Debug|Any CPU
		{92E8EBC5-F2A3-4698-9D53-F64D4EFFB756}.Debug|Any CPU.Build.0 = Debug|Any CPU
		{92E8EBC5-F2A3-4698-9D53-F64D4EFFB756}.Release|Any CPU.ActiveCfg = Release|Any CPU
		{92E8EBC5-F2A3-4698-9D53-F64D4EFFB756}.Release|Any CPU.Build.0 = Release|Any CPU
	EndGlobalSection
	GlobalSection(SolutionProperties) = preSolution
		HideSolutionNode = FALSE
	EndGlobalSection
	GlobalSection(ExtensibilityGlobals) = postSolution
		SolutionGuid = {377C40A2-B32E-4E8A-A524-1BA091BB1E0F}
	EndGlobalSection
EndGlobal
